
Microsoft Visual Studio Solution File, Format Version 12.00
# Visual Studio Version 17
VisualStudioVersion = 17.0.31903.59
MinimumVisualStudioVersion = 10.0.40219.1
Project("{2150E333-8FDC-42A3-9474-1A3956D46DE8}") = "src", "src", "{A429236E-F9B2-4185-A6E0-34FB30284EF6}"
EndProject
Project("{FAE04EC0-301F-11D3-BF4B-00C04F79EFBC}") = "FormatMediaCoder.Core", "src\FormatMediaCoder.Core\FormatMediaCoder.Core.csproj", "{A46EA061-5E86-4216-80FA-090EE4C5B87A}"
EndProject
Project("{2150E333-8FDC-42A3-9474-1A3956D46DE8}") = "tests", "tests", "{A75CE0D4-B218-4518-80C9-080DB75BEC73}"
EndProject
Project("{FAE04EC0-301F-11D3-BF4B-00C04F79EFBC}") = "FormatMediaCoder.Core.Tests", "tests\FormatMediaCoder.Core.Tests\FormatMediaCoder.Core.Tests.csproj", "{05D29C05-9522-4FF2-9F84-F4637F94E619}"
EndProject
Global
	GlobalSection(SolutionConfigurationPlatforms) = preSolution
		Debug|Any CPU = Debug|Any CPU
		Release|Any CPU = Release|Any CPU
	EndGlobalSection
	GlobalSection(SolutionProperties) = preSolution
		HideSolutionNode = FALSE
	EndGlobalSection
	GlobalSection(ProjectConfigurationPlatforms) = postSolution
		{A46EA061-5E86-4216-80FA-090EE4C5B87A}.Debug|Any CPU.ActiveCfg = Debug|Any CPU
		{A46EA061-5E86-4216-80FA-090EE4C5B87A}.Debug|Any CPU.Build.0 = Debug|Any CPU
		{A46EA061-5E86-4216-80FA-090EE4C5B87A}.Release|Any CPU.ActiveCfg = Release|Any CPU
		{A46EA061-5E86-4216-80FA-090EE4C5B87A}.Release|Any CPU.Build.0 = Release|Any CPU
		{05D29C05-9522-4FF2-9F84-F4637F94E619}.Debug|Any CPU.ActiveCfg = Debug|Any CPU
		{05D29C05-9522-4FF2-9F84-F4637F94E619}.Debug|Any CPU.Build.0 = Debug|Any CPU
		{05D29C05-9522-4FF2-9F84-F4637F94E619}.Release|Any CPU.ActiveCfg = Release|Any CPU
		{05D29C05-9522-4FF2-9F84-F4637F94E619}.Release|Any CPU.Build.0 = Release|Any CPU
	EndGlobalSection
	GlobalSection(NestedProjects) = preSolution
		{A46EA061-5E86-4216-80FA-090EE4C5B87A} = {A429236E-F9B2-4185-A6E0-34FB30284EF6}
		{05D29C05-9522-4FF2-9F84-F4637F94E619} = {A75CE0D4-B218-4518-80C9-080DB75BEC73}
	EndGlobalSection
EndGlobal
